<?xml version="1.0" encoding="utf-8"?>
<Project ToolsVersion="4.0" xmlns="http://schemas.microsoft.com/developer/msbuild/2003">
  <ItemGroup>
    <Filter Include="源文件">
      <UniqueIdentifier>{4FC737F1-C7A5-4376-A066-2A32D752A2FF}</UniqueIdentifier>
      <Extensions>cpp;c;cc;cxx;def;odl;idl;hpj;bat;asm;asmx</Extensions>
    </Filter>
    <Filter Include="头文件">
      <UniqueIdentifier>{93995380-89BD-4b04-88EB-625FBE52EBFB}</UniqueIdentifier>
      <Extensions>h;hpp;hxx;hm;inl;inc;xsd</Extensions>
    </Filter>
    <Filter Include="资源文件">
      <UniqueIdentifier>{67DA6AB6-F800-4c08-8B7A-83BB121AAD01}</UniqueIdentifier>
      <Extensions>rc;ico;cur;bmp;dlg;rc2;rct;bin;rgs;gif;jpg;jpeg;jpe;resx;tiff;tif;png;wav;mfcribbon-ms</Extensions>
    </Filter>
    <Filter Include="头文件\UI">
      <UniqueIdentifier>{48e8d2f2-9261-4b25-bc76-35ebb48958aa}</UniqueIdentifier>
    </Filter>
    <Filter Include="源文件\UI">
      <UniqueIdentifier>{6f190bc8-dacd-420b-9a65-fe9b2a01e7bb}</UniqueIdentifier>
    </Filter>
    <Filter Include="头文件\Tools">
      <UniqueIdentifier>{389ddfa5-de2d-4f56-a1d6-20db0ab40058}</UniqueIdentifier>
    </Filter>
    <Filter Include="源文件\Tools">
      <UniqueIdentifier>{c5439abd-4959-4e3a-be8b-4c54bad0ec07}</UniqueIdentifier>
    </Filter>
    <Filter Include="头文件\UI\Dialog">
      <UniqueIdentifier>{d16edb3f-06aa-49be-9dcf-7a2f89fe3b11}</UniqueIdentifier>
    </Filter>
    <Filter Include="源文件\UI\Dialog">
      <UniqueIdentifier>{35f21673-f25e-4bc5-9cc9-250ec6750944}</UniqueIdentifier>
    </Filter>
  </ItemGroup>
  <ItemGroup>
    <Text Include="ReadMe.txt" />
  </ItemGroup>
  <ItemGroup>
    <ClInclude Include="Editor.h">
      <Filter>头文件</Filter>
    </ClInclude>
    <ClInclude Include="stdafx.h">
      <Filter>头文件</Filter>
    </ClInclude>
    <ClInclude Include="targetver.h">
      <Filter>头文件</Filter>
    </ClInclude>
    <ClInclude Include="EditorDoc.h">
      <Filter>头文件</Filter>
    </ClInclude>
    <ClInclude Include="Resource.h">
      <Filter>头文件</Filter>
    </ClInclude>
    <ClInclude Include="SceneNodeManager.h">
      <Filter>头文件</Filter>
    </ClInclude>
    <ClInclude Include="EditCamera.h">
      <Filter>头文件</Filter>
    </ClInclude>
    <ClInclude Include="EditorView.h">
      <Filter>头文件\UI</Filter>
    </ClInclude>
    <ClInclude Include="MainFrm.h">
      <Filter>头文件\UI</Filter>
    </ClInclude>
    <ClInclude Include="NodeTreePane.h">
      <Filter>头文件\UI</Filter>
    </ClInclude>
    <ClInclude Include="PropertyPane.h">
      <Filter>头文件\UI</Filter>
    </ClInclude>
    <ClInclude Include="UIListener.h">
      <Filter>头文件\UI</Filter>
    </ClInclude>
    <ClInclude Include="NodeTreeCtrl.h">
      <Filter>头文件\UI</Filter>
    </ClInclude>
    <ClInclude Include="converter.h">
      <Filter>头文件\Tools</Filter>
    </ClInclude>
    <ClInclude Include="TexturePane.h">
      <Filter>头文件\UI</Filter>
    </ClInclude>
    <ClInclude Include="TextureList.h">
      <Filter>头文件\UI</Filter>
    </ClInclude>
    <ClInclude Include="GdiplusInterface.h">
      <Filter>头文件\Tools</Filter>
    </ClInclude>
    <ClInclude Include="BitmapManager.h">
      <Filter>头文件\Tools</Filter>
    </ClInclude>
    <ClInclude Include="FileManager.h">
      <Filter>头文件</Filter>
    </ClInclude>
    <ClInclude Include="AnimateDialog.h">
      <Filter>头文件\UI\Dialog</Filter>
    </ClInclude>
    <ClInclude Include="AnimateDialogCycle.h">
      <Filter>头文件\UI\Dialog</Filter>
    </ClInclude>
    <ClInclude Include="AnimRotDlg.h">
      <Filter>头文件\UI\Dialog</Filter>
    </ClInclude>
    <ClInclude Include="AnimTypeDlg.h">
      <Filter>头文件\UI\Dialog</Filter>
    </ClInclude>
    <ClInclude Include="SkyBoxEditor.h">
      <Filter>头文件\UI\Dialog</Filter>
    </ClInclude>
  </ItemGroup>
  <ItemGroup>
    <ClCompile Include="Editor.cpp">
      <Filter>源文件</Filter>
    </ClCompile>
    <ClCompile Include="stdafx.cpp">
      <Filter>源文件</Filter>
    </ClCompile>
    <ClCompile Include="EditorDoc.cpp">
      <Filter>源文件</Filter>
    </ClCompile>
    <ClCompile Include="SceneNodeManager.cpp">
      <Filter>源文件</Filter>
    </ClCompile>
    <ClCompile Include="EditCamera.cpp">
      <Filter>源文件</Filter>
    </ClCompile>
    <ClCompile Include="EditorView.cpp">
      <Filter>源文件\UI</Filter>
    </ClCompile>
    <ClCompile Include="MainFrm.cpp">
      <Filter>源文件\UI</Filter>
    </ClCompile>
    <ClCompile Include="NodeTreePane.cpp">
      <Filter>源文件\UI</Filter>
    </ClCompile>
    <ClCompile Include="PropertyPane.cpp">
      <Filter>源文件\UI</Filter>
    </ClCompile>
    <ClCompile Include="UIListener.cpp">
      <Filter>源文件\UI</Filter>
    </ClCompile>
    <ClCompile Include="NodeTreeCtrl.cpp">
      <Filter>源文件\UI</Filter>
    </ClCompile>
    <ClCompile Include="converter.cpp">
      <Filter>源文件\Tools</Filter>
    </ClCompile>
    <ClCompile Include="TexturePane.cpp">
      <Filter>源文件\UI</Filter>
    </ClCompile>
    <ClCompile Include="TextureList.cpp">
      <Filter>源文件\UI</Filter>
    </ClCompile>
    <ClCompile Include="GdiplusInterface.cpp">
      <Filter>源文件\Tools</Filter>
    </ClCompile>
    <ClCompile Include="BitmapManager.cpp">
      <Filter>源文件\Tools</Filter>
    </ClCompile>
    <ClCompile Include="FileManager.cpp">
      <Filter>源文件</Filter>
    </ClCompile>
    <ClCompile Include="AnimateDialog.cpp">
      <Filter>源文件\UI\Dialog</Filter>
    </ClCompile>
    <ClCompile Include="AnimateDialogCycle.cpp">
      <Filter>源文件\UI\Dialog</Filter>
    </ClCompile>
    <ClCompile Include="AnimRotDlg.cpp">
      <Filter>源文件\UI\Dialog</Filter>
    </ClCompile>
    <ClCompile Include="AnimTypeDlg.cpp">
      <Filter>源文件\UI\Dialog</Filter>
    </ClCompile>
    <ClCompile Include="SkyBoxEditor.cpp">
      <Filter>源文件\UI\Dialog</Filter>
    </ClCompile>
  </ItemGroup>
  <ItemGroup>
    <ResourceCompile Include="Editor.rc">
      <Filter>资源文件</Filter>
    </ResourceCompile>
  </ItemGroup>
  <ItemGroup>
    <Image Include="res\file_view.ico">
      <Filter>资源文件</Filter>
    </Image>
    <Image Include="res\file_view_hc.ico">
      <Filter>资源文件</Filter>
    </Image>
    <Image Include="res\class_view.ico">
      <Filter>资源文件</Filter>
    </Image>
    <Image Include="res\class_view_hc.ico">
      <Filter>资源文件</Filter>
    </Image>
    <Image Include="res\fileview.bmp">
      <Filter>资源文件</Filter>
    </Image>
    <Image Include="res\fileview_hc.bmp">
      <Filter>资源文件</Filter>
    </Image>
    <Image Include="res\classview.bmp">
      <Filter>资源文件</Filter>
    </Image>
    <Image Include="res\classview_hc.bmp">
      <Filter>资源文件</Filter>
    </Image>
    <Image Include="res\explorer.bmp">
      <Filter>资源文件</Filter>
    </Image>
    <Image Include="res\explorer_hc.bmp">
      <Filter>资源文件</Filter>
    </Image>
    <Image Include="res\sort.bmp">
      <Filter>资源文件</Filter>
    </Image>
    <Image Include="res\sort_hc.bmp">
      <Filter>资源文件</Filter>
    </Image>
    <Image Include="res\menuimages.bmp">
      <Filter>资源文件</Filter>
    </Image>
    <Image Include="res\menuimages_hc.bmp">
      <Filter>资源文件</Filter>
    </Image>
    <Image Include="res\output_wnd.ico">
      <Filter>资源文件</Filter>
    </Image>
    <Image Include="res\output_wnd_hc.ico">
      <Filter>资源文件</Filter>
    </Image>
    <Image Include="res\properties_wnd.ico">
      <Filter>资源文件</Filter>
    </Image>
    <Image Include="res\properties_wnd_hc.ico">
      <Filter>资源文件</Filter>
    </Image>
    <Image Include="res\properties.bmp">
      <Filter>资源文件</Filter>
    </Image>
    <Image Include="res\properties_hc.bmp">
      <Filter>资源文件</Filter>
    </Image>
    <Image Include="UserImages.bmp">
      <Filter>资源文件</Filter>
    </Image>
    <Image Include="res\EditorDoc.ico">
      <Filter>资源文件</Filter>
    </Image>
    <Image Include="res\Toolbar.bmp">
      <Filter>资源文件</Filter>
    </Image>
    <Image Include="res\Toolbar256.bmp">
      <Filter>资源文件</Filter>
    </Image>
  </ItemGroup>
  <ItemGroup>
    <None Include="res\Editor.rc2">
      <Filter>资源文件</Filter>
    </None>
  </ItemGroup>
</Project>